
Microsoft Visual Studio Solution File, Format Version 12.00
# Visual Studio Version 17
VisualStudioVersion = 17.4.33205.214
MinimumVisualStudioVersion = 10.0.40219.1
Project("{9A19103F-16F7-4668-BE54-9A1E7A4F7556}") = "TestLabLibrary", "TestLabLibrary\TestLabLibrary.csproj", "{A0A742F0-83C2-4DEC-896C-B1984C178708}"
EndProject
Project("{9A19103F-16F7-4668-BE54-9A1E7A4F7556}") = "TestLabEntity", "TestLabEntity\TestLabEntity.csproj", "{67827B91-9E20-42FD-B9BF-917EBF28AC15}"
EndProject
Project("{9A19103F-16F7-4668-BE54-9A1E7A4F7556}") = "TestLabServerWeb", "TestLabServerWeb\TestLabServerWeb.csproj", "{A44FDE15-BA04-4456-8303-4935E52C6689}"
EndProject
Project("{2150E333-8FDC-42A3-9474-1A3956D46DE8}") = "Shared", "Shared", "{E5DBA53F-E97A-4385-A7C4-9A6C3C21B1F7}"
EndProject
Project("{9A19103F-16F7-4668-BE54-9A1E7A4F7556}") = "TLData", "TLData\TLData.csproj", "{06543286-6FD4-4692-B8EB-1F5A94078139}"
EndProject
Project("{9A19103F-16F7-4668-BE54-9A1E7A4F7556}") = "TestLabManagerApp", "TestLabManagerApp\TestLabManagerApp.csproj", "{E5C61EFE-5DC2-49E1-88AC-B2F6DE955A47}"
EndProject
Project("{9A19103F-16F7-4668-BE54-9A1E7A4F7556}") = "TestLabManagerAppWPF", "TestLabManagerAppWPF\TestLabManagerAppWPF.csproj", "{C7DD3DC6-2771-4A5B-82D4-D8D7E8E6918C}"
	ProjectSection(ProjectDependencies) = postProject
		{67827B91-9E20-42FD-B9BF-917EBF28AC15} = {67827B91-9E20-42FD-B9BF-917EBF28AC15}
		{A0A742F0-83C2-4DEC-896C-B1984C178708} = {A0A742F0-83C2-4DEC-896C-B1984C178708}
	EndProjectSection
EndProject
Project("{FAE04EC0-301F-11D3-BF4B-00C04F79EFBC}") = "TestLabWebAPI", "TestLabWebAPI\TestLabWebAPI.csproj", "{23ED5CDB-888D-4A4B-98D1-A751930C26DB}"
EndProject
Global
	GlobalSection(SolutionConfigurationPlatforms) = preSolution
		Debug|Any CPU = Debug|Any CPU
		Release|Any CPU = Release|Any CPU
	EndGlobalSection
	GlobalSection(ProjectConfigurationPlatforms) = postSolution
		{A0A742F0-83C2-4DEC-896C-B1984C178708}.Debug|Any CPU.ActiveCfg = Debug|Any CPU
		{A0A742F0-83C2-4DEC-896C-B1984C178708}.Debug|Any CPU.Build.0 = Debug|Any CPU
		{A0A742F0-83C2-4DEC-896C-B1984C178708}.Release|Any CPU.ActiveCfg = Release|Any CPU
		{A0A742F0-83C2-4DEC-896C-B1984C178708}.Release|Any CPU.Build.0 = Release|Any CPU
		{67827B91-9E20-42FD-B9BF-917EBF28AC15}.Debug|Any CPU.ActiveCfg = Debug|Any CPU
		{67827B91-9E20-42FD-B9BF-917EBF28AC15}.Debug|Any CPU.Build.0 = Debug|Any CPU
		{67827B91-9E20-42FD-B9BF-917EBF28AC15}.Release|Any CPU.ActiveCfg = Release|Any CPU
		{67827B91-9E20-42FD-B9BF-917EBF28AC15}.Release|Any CPU.Build.0 = Release|Any CPU
		{A44FDE15-BA04-4456-8303-4935E52C6689}.Debug|Any CPU.ActiveCfg = Debug|Any CPU
		{A44FDE15-BA04-4456-8303-4935E52C6689}.Debug|Any CPU.Build.0 = Debug|Any CPU
		{A44FDE15-BA04-4456-8303-4935E52C6689}.Release|Any CPU.ActiveCfg = Release|Any CPU
		{A44FDE15-BA04-4456-8303-4935E52C6689}.Release|Any CPU.Build.0 = Release|Any CPU
		{06543286-6FD4-4692-B8EB-1F5A94078139}.Debug|Any CPU.ActiveCfg = Debug|Any CPU
		{06543286-6FD4-4692-B8EB-1F5A94078139}.Debug|Any CPU.Build.0 = Debug|Any CPU
		{06543286-6FD4-4692-B8EB-1F5A94078139}.Release|Any CPU.ActiveCfg = Release|Any CPU
		{06543286-6FD4-4692-B8EB-1F5A94078139}.Release|Any CPU.Build.0 = Release|Any CPU
		{E5C61EFE-5DC2-49E1-88AC-B2F6DE955A47}.Debug|Any CPU.ActiveCfg = Debug|Any CPU
		{E5C61EFE-5DC2-49E1-88AC-B2F6DE955A47}.Debug|Any CPU.Build.0 = Debug|Any CPU
		{E5C61EFE-5DC2-49E1-88AC-B2F6DE955A47}.Release|Any CPU.ActiveCfg = Release|Any CPU
		{E5C61EFE-5DC2-49E1-88AC-B2F6DE955A47}.Release|Any CPU.Build.0 = Release|Any CPU
		{C7DD3DC6-2771-4A5B-82D4-D8D7E8E6918C}.Debug|Any CPU.ActiveCfg = Debug|Any CPU
		{C7DD3DC6-2771-4A5B-82D4-D8D7E8E6918C}.Debug|Any CPU.Build.0 = Debug|Any CPU
		{C7DD3DC6-2771-4A5B-82D4-D8D7E8E6918C}.Release|Any CPU.ActiveCfg = Release|Any CPU
		{C7DD3DC6-2771-4A5B-82D4-D8D7E8E6918C}.Release|Any CPU.Build.0 = Release|Any CPU
		{23ED5CDB-888D-4A4B-98D1-A751930C26DB}.Debug|Any CPU.ActiveCfg = Debug|Any CPU
		{23ED5CDB-888D-4A4B-98D1-A751930C26DB}.Debug|Any CPU.Build.0 = Debug|Any CPU
		{23ED5CDB-888D-4A4B-98D1-A751930C26DB}.Release|Any CPU.ActiveCfg = Release|Any CPU
		{23ED5CDB-888D-4A4B-98D1-A751930C26DB}.Release|Any CPU.Build.0 = Release|Any CPU
	EndGlobalSection
	GlobalSection(SolutionProperties) = preSolution
		HideSolutionNode = FALSE
	EndGlobalSection
	GlobalSection(NestedProjects) = preSolution
		{06543286-6FD4-4692-B8EB-1F5A94078139} = {E5DBA53F-E97A-4385-A7C4-9A6C3C21B1F7}
	EndGlobalSection
	GlobalSection(ExtensibilityGlobals) = postSolution
		SolutionGuid = {6578D45E-E36E-4202-ACC9-2E3066F451FD}
	EndGlobalSection
EndGlobal
